
Microsoft Visual Studio Solution File, Format Version 12.00
# Visual Studio Version 18
VisualStudioVersion = 18.1.11312.151 d18.0
MinimumVisualStudioVersion = 10.0.40219.1
Project("{FAE04EC0-301F-11D3-BF4B-00C04F79EFBC}") = "PaymentsAPI", "PaymentsAPI.csproj", "{3B5A137C-6420-9BB4-AA83-401EC5A2E9AA}"
EndProject
Global
	GlobalSection(SolutionConfigurationPlatforms) = preSolution
		Debug|Any CPU = Debug|Any CPU
		Release|Any CPU = Release|Any CPU
	EndGlobalSection
	GlobalSection(ProjectConfigurationPlatforms) = postSolution
		{3B5A137C-6420-9BB4-AA83-401EC5A2E9AA}.Debug|Any CPU.ActiveCfg = Debug|Any CPU
		{3B5A137C-6420-9BB4-AA83-401EC5A2E9AA}.Debug|Any CPU.Build.0 = Debug|Any CPU
		{3B5A137C-6420-9BB4-AA83-401EC5A2E9AA}.Release|Any CPU.ActiveCfg = Release|Any CPU
		{3B5A137C-6420-9BB4-AA83-401EC5A2E9AA}.Release|Any CPU.Build.0 = Release|Any CPU
	EndGlobalSection
	GlobalSection(SolutionProperties) = preSolution
		HideSolutionNode = FALSE
	EndGlobalSection
	GlobalSection(ExtensibilityGlobals) = postSolution
		SolutionGuid = {C8B1CA7B-DCDF-4839-B71D-CC910F173D23}
	EndGlobalSection
EndGlobal
